// !$*UTF8*$!
{
	archiveVersion = 1;
	classes = {
	};
	objectVersion = 56;
	objects = {

/* Begin PBXBuildFile section */
		6012516A2BEA9B2F003C50D5 /* iTravelerApp.swift in Sources */ = {isa = PBXBuildFile; fileRef = 601251692BEA9B2F003C50D5 /* iTravelerApp.swift */; };
		6012516C2BEA9B2F003C50D5 /* HomeView.swift in Sources */ = {isa = PBXBuildFile; fileRef = 6012516B2BEA9B2F003C50D5 /* HomeView.swift */; };
		6012516E2BEA9B30003C50D5 /* Assets.xcassets in Resources */ = {isa = PBXBuildFile; fileRef = 6012516D2BEA9B30003C50D5 /* Assets.xcassets */; };
		601251712BEA9B30003C50D5 /* Preview Assets.xcassets in Resources */ = {isa = PBXBuildFile; fileRef = 601251702BEA9B30003C50D5 /* Preview Assets.xcassets */; };
		6012517B2BEA9B31003C50D5 /* iTravelerTests.swift in Sources */ = {isa = PBXBuildFile; fileRef = 6012517A2BEA9B31003C50D5 /* iTravelerTests.swift */; };
		601251852BEA9B31003C50D5 /* iTravelerUITests.swift in Sources */ = {isa = PBXBuildFile; fileRef = 601251842BEA9B31003C50D5 /* iTravelerUITests.swift */; };
		601251872BEA9B31003C50D5 /* iTravelerUITestsLaunchTests.swift in Sources */ = {isa = PBXBuildFile; fileRef = 601251862BEA9B31003C50D5 /* iTravelerUITestsLaunchTests.swift */; };
		601251942BEAA33E003C50D5 /* TripView.swift in Sources */ = {isa = PBXBuildFile; fileRef = 601251932BEAA33E003C50D5 /* TripView.swift */; };
		601251962BEAA368003C50D5 /* TripDestinationsView.swift in Sources */ = {isa = PBXBuildFile; fileRef = 601251952BEAA368003C50D5 /* TripDestinationsView.swift */; };
		608C9F232BED3D96003C9748 /* LaunchScreen.storyboard in Resources */ = {isa = PBXBuildFile; fileRef = 608C9F222BED3D96003C9748 /* LaunchScreen.storyboard */; };
/* End PBXBuildFile section */

/* Begin PBXContainerItemProxy section */
		601251772BEA9B31003C50D5 /* PBXContainerItemProxy */ = {
			isa = PBXContainerItemProxy;
			containerPortal = 6012515E2BEA9B2E003C50D5 /* Project object */;
			proxyType = 1;
			remoteGlobalIDString = 601251652BEA9B2E003C50D5;
			remoteInfo = iTraveler;
		};
		601251812BEA9B31003C50D5 /* PBXContainerItemProxy */ = {
			isa = PBXContainerItemProxy;
			containerPortal = 6012515E2BEA9B2E003C50D5 /* Project object */;
			proxyType = 1;
			remoteGlobalIDString = 601251652BEA9B2E003C50D5;
			remoteInfo = iTraveler;
		};
/* End PBXContainerItemProxy section */

/* Begin PBXFileReference section */
		601251662BEA9B2F003C50D5 /* iTraveler.app */ = {isa = PBXFileReference; explicitFileType = wrapper.application; includeInIndex = 0; path = iTraveler.app; sourceTree = BUILT_PRODUCTS_DIR; };
		601251692BEA9B2F003C50D5 /* iTravelerApp.swift */ = {isa = PBXFileReference; lastKnownFileType = sourcecode.swift; path = iTravelerApp.swift; sourceTree = "<group>"; };
		6012516B2BEA9B2F003C50D5 /* HomeView.swift */ = {isa = PBXFileReference; lastKnownFileType = sourcecode.swift; path = HomeView.swift; sourceTree = "<group>"; };
		6012516D2BEA9B30003C50D5 /* Assets.xcassets */ = {isa = PBXFileReference; lastKnownFileType = folder.assetcatalog; path = Assets.xcassets; sourceTree = "<group>"; };
		601251702BEA9B30003C50D5 /* Preview Assets.xcassets */ = {isa = PBXFileReference; lastKnownFileType = folder.assetcatalog; path = "Preview Assets.xcassets"; sourceTree = "<group>"; };
		601251762BEA9B31003C50D5 /* iTravelerTests.xctest */ = {isa = PBXFileReference; explicitFileType = wrapper.cfbundle; includeInIndex = 0; path = iTravelerTests.xctest; sourceTree = BUILT_PRODUCTS_DIR; };
		6012517A2BEA9B31003C50D5 /* iTravelerTests.swift */ = {isa = PBXFileReference; lastKnownFileType = sourcecode.swift; path = iTravelerTests.swift; sourceTree = "<group>"; };
		601251802BEA9B31003C50D5 /* iTravelerUITests.xctest */ = {isa = PBXFileReference; explicitFileType = wrapper.cfbundle; includeInIndex = 0; path = iTravelerUITests.xctest; sourceTree = BUILT_PRODUCTS_DIR; };
		601251842BEA9B31003C50D5 /* iTravelerUITests.swift */ = {isa = PBXFileReference; lastKnownFileType = sourcecode.swift; path = iTravelerUITests.swift; sourceTree = "<group>"; };
		601251862BEA9B31003C50D5 /* iTravelerUITestsLaunchTests.swift */ = {isa = PBXFileReference; lastKnownFileType = sourcecode.swift; path = iTravelerUITestsLaunchTests.swift; sourceTree = "<group>"; };
		601251932BEAA33E003C50D5 /* TripView.swift */ = {isa = PBXFileReference; lastKnownFileType = sourcecode.swift; path = TripView.swift; sourceTree = "<group>"; };
		601251952BEAA368003C50D5 /* TripDestinationsView.swift */ = {isa = PBXFileReference; lastKnownFileType = sourcecode.swift; path = TripDestinationsView.swift; sourceTree = "<group>"; };
		608C9F222BED3D96003C9748 /* LaunchScreen.storyboard */ = {isa = PBXFileReference; lastKnownFileType = file.storyboard; path = LaunchScreen.storyboard; sourceTree = "<group>"; };
/* End PBXFileReference section */

/* Begin PBXFrameworksBuildPhase section */
		601251632BEA9B2E003C50D5 /* Frameworks */ = {
			isa = PBXFrameworksBuildPhase;
			buildActionMask = 2147483647;
			files = (
			);
			runOnlyForDeploymentPostprocessing = 0;
		};
		601251732BEA9B31003C50D5 /* Frameworks */ = {
			isa = PBXFrameworksBuildPhase;
			buildActionMask = 2147483647;
			files = (
			);
			runOnlyForDeploymentPostprocessing = 0;
		};
		6012517D2BEA9B31003C50D5 /* Frameworks */ = {
			isa = PBXFrameworksBuildPhase;
			buildActionMask = 2147483647;
			files = (
			);
			runOnlyForDeploymentPostprocessing = 0;
		};
/* End PBXFrameworksBuildPhase section */

/* Begin PBXGroup section */
		6012515D2BEA9B2E003C50D5 = {
			isa = PBXGroup;
			children = (
				601251682BEA9B2F003C50D5 /* iTraveler */,
				601251792BEA9B31003C50D5 /* iTravelerTests */,
				601251832BEA9B31003C50D5 /* iTravelerUITests */,
				601251672BEA9B2F003C50D5 /* Products */,
			);
			sourceTree = "<group>";
		};
		601251672BEA9B2F003C50D5 /* Products */ = {
			isa = PBXGroup;
			children = (
				601251662BEA9B2F003C50D5 /* iTraveler.app */,
				601251762BEA9B31003C50D5 /* iTravelerTests.xctest */,
				601251802BEA9B31003C50D5 /* iTravelerUITests.xctest */,
			);
			name = Products;
			sourceTree = "<group>";
		};
		601251682BEA9B2F003C50D5 /* iTraveler */ = {
			isa = PBXGroup;
			children = (
				601251692BEA9B2F003C50D5 /* iTravelerApp.swift */,
				6012516B2BEA9B2F003C50D5 /* HomeView.swift */,
				601251932BEAA33E003C50D5 /* TripView.swift */,
				601251952BEAA368003C50D5 /* TripDestinationsView.swift */,
				6012516D2BEA9B30003C50D5 /* Assets.xcassets */,
				6012516F2BEA9B30003C50D5 /* Preview Content */,
				608C9F222BED3D96003C9748 /* LaunchScreen.storyboard */,
			);
			path = iTraveler;
			sourceTree = "<group>";
		};
		6012516F2BEA9B30003C50D5 /* Preview Content */ = {
			isa = PBXGroup;
			children = (
				601251702BEA9B30003C50D5 /* Preview Assets.xcassets */,
			);
			path = "Preview Content";
			sourceTree = "<group>";
		};
		601251792BEA9B31003C50D5 /* iTravelerTests */ = {
			isa = PBXGroup;
			children = (
				6012517A2BEA9B31003C50D5 /* iTravelerTests.swift */,
			);
			path = iTravelerTests;
			sourceTree = "<group>";
		};
		601251832BEA9B31003C50D5 /* iTravelerUITests */ = {
			isa = PBXGroup;
			children = (
				601251842BEA9B31003C50D5 /* iTravelerUITests.swift */,
				601251862BEA9B31003C50D5 /* iTravelerUITestsLaunchTests.swift */,
			);
			path = iTravelerUITests;
			sourceTree = "<group>";
		};
/* End PBXGroup section */

/* Begin PBXNativeTarget section */
		601251652BEA9B2E003C50D5 /* iTraveler */ = {
			isa = PBXNativeTarget;
			buildConfigurationList = 6012518A2BEA9B31003C50D5 /* Build configuration list for PBXNativeTarget "iTraveler" */;
			buildPhases = (
				601251622BEA9B2E003C50D5 /* Sources */,
				601251632BEA9B2E003C50D5 /* Frameworks */,
				601251642BEA9B2E003C50D5 /* Resources */,
			);
			buildRules = (
			);
			dependencies = (
			);
			name = iTraveler;
			productName = iTraveler;
			productReference = 601251662BEA9B2F003C50D5 /* iTraveler.app */;
			productType = "com.apple.product-type.application";
		};
		601251752BEA9B31003C50D5 /* iTravelerTests */ = {
			isa = PBXNativeTarget;
			buildConfigurationList = 6012518D2BEA9B31003C50D5 /* Build configuration list for PBXNativeTarget "iTravelerTests" */;
			buildPhases = (
				601251722BEA9B31003C50D5 /* Sources */,
				601251732BEA9B31003C50D5 /* Frameworks */,
				601251742BEA9B31003C50D5 /* Resources */,
			);
			buildRules = (
			);
			dependencies = (
				601251782BEA9B31003C50D5 /* PBXTargetDependency */,
			);
			name = iTravelerTests;
			productName = iTravelerTests;
			productReference = 601251762BEA9B31003C50D5 /* iTravelerTests.xctest */;
			productType = "com.apple.product-type.bundle.unit-test";
		};
		6012517F2BEA9B31003C50D5 /* iTravelerUITests */ = {
			isa = PBXNativeTarget;
			buildConfigurationList = 601251902BEA9B31003C50D5 /* Build configuration list for PBXNativeTarget "iTravelerUITests" */;
			buildPhases = (
				6012517C2BEA9B31003C50D5 /* Sources */,
				6012517D2BEA9B31003C50D5 /* Frameworks */,
				6012517E2BEA9B31003C50D5 /* Resources */,
			);
			buildRules = (
			);
			dependencies = (
				601251822BEA9B31003C50D5 /* PBXTargetDependency */,
			);
			name = iTravelerUITests;
			productName = iTravelerUITests;
			productReference = 601251802BEA9B31003C50D5 /* iTravelerUITests.xctest */;
			productType = "com.apple.product-type.bundle.ui-testing";
		};
/* End PBXNativeTarget section */

/* Begin PBXProject section */
		6012515E2BEA9B2E003C50D5 /* Project object */ = {
			isa = PBXProject;
			attributes = {
				BuildIndependentTargetsInParallel = 1;
				LastSwiftUpdateCheck = 1500;
				LastUpgradeCheck = 1500;
				TargetAttributes = {
					601251652BEA9B2E003C50D5 = {
						CreatedOnToolsVersion = 15.0.1;
					};
					601251752BEA9B31003C50D5 = {
						CreatedOnToolsVersion = 15.0.1;
						TestTargetID = 601251652BEA9B2E003C50D5;
					};
					6012517F2BEA9B31003C50D5 = {
						CreatedOnToolsVersion = 15.0.1;
						TestTargetID = 601251652BEA9B2E003C50D5;
					};
				};
			};
			buildConfigurationList = 601251612BEA9B2E003C50D5 /* Build configuration list for PBXProject "iTraveler" */;
			compatibilityVersion = "Xcode 14.0";
			developmentRegion = en;
			hasScannedForEncodings = 0;
			knownRegions = (
				en,
				Base,
			);
			mainGroup = 6012515D2BEA9B2E003C50D5;
			productRefGroup = 601251672BEA9B2F003C50D5 /* Products */;
			projectDirPath = "";
			projectRoot = "";
			targets = (
				601251652BEA9B2E003C50D5 /* iTraveler */,
				601251752BEA9B31003C50D5 /* iTravelerTests */,
				6012517F2BEA9B31003C50D5 /* iTravelerUITests */,
			);
		};
/* End PBXProject section */

/* Begin PBXResourcesBuildPhase section */
		601251642BEA9B2E003C50D5 /* Resources */ = {
			isa = PBXResourcesBuildPhase;
			buildActionMask = 2147483647;
			files = (
				608C9F232BED3D96003C9748 /* LaunchScreen.storyboard in Resources */,
				601251712BEA9B30003C50D5 /* Preview Assets.xcassets in Resources */,
				6012516E2BEA9B30003C50D5 /* Assets.xcassets in Resources */,
			);
			runOnlyForDeploymentPostprocessing = 0;
		};
		601251742BEA9B31003C50D5 /* Resources */ = {
			isa = PBXResourcesBuildPhase;
			buildActionMask = 2147483647;
			files = (
			);
			runOnlyForDeploymentPostprocessing = 0;
		};
		6012517E2BEA9B31003C50D5 /* Resources */ = {
			isa = PBXResourcesBuildPhase;
			buildActionMask = 2147483647;
			files = (
			);
			runOnlyForDeploymentPostprocessing = 0;
		};
/* End PBXResourcesBuildPhase section */

/* Begin PBXSourcesBuildPhase section */
		601251622BEA9B2E003C50D5 /* Sources */ = {
			isa = PBXSourcesBuildPhase;
			buildActionMask = 2147483647;
			files = (
				601251962BEAA368003C50D5 /* TripDestinationsView.swift in Sources */,
				601251942BEAA33E003C50D5 /* TripView.swift in Sources */,
				6012516C2BEA9B2F003C50D5 /* HomeView.swift in Sources */,
				6012516A2BEA9B2F003C50D5 /* iTravelerApp.swift in Sources */,
			);
			runOnlyForDeploymentPostprocessing = 0;
		};
		601251722BEA9B31003C50D5 /* Sources */ = {
			isa = PBXSourcesBuildPhase;
			buildActionMask = 2147483647;
			files = (
				6012517B2BEA9B31003C50D5 /* iTravelerTests.swift in Sources */,
			);
			runOnlyForDeploymentPostprocessing = 0;
		};
		6012517C2BEA9B31003C50D5 /* Sources */ = {
			isa = PBXSourcesBuildPhase;
			buildActionMask = 2147483647;
			files = (
				601251852BEA9B31003C50D5 /* iTravelerUITests.swift in Sources */,
				601251872BEA9B31003C50D5 /* iTravelerUITestsLaunchTests.swift in Sources */,
			);
			runOnlyForDeploymentPostprocessing = 0;
		};
/* End PBXSourcesBuildPhase section */

/* Begin PBXTargetDependency section */
		601251782BEA9B31003C50D5 /* PBXTargetDependency */ = {
			isa = PBXTargetDependency;
			target = 601251652BEA9B2E003C50D5 /* iTraveler */;
			targetProxy = 601251772BEA9B31003C50D5 /* PBXContainerItemProxy */;
		};
		601251822BEA9B31003C50D5 /* PBXTargetDependency */ = {
			isa = PBXTargetDependency;
			target = 601251652BEA9B2E003C50D5 /* iTraveler */;
			targetProxy = 601251812BEA9B31003C50D5 /* PBXContainerItemProxy */;
		};
/* End PBXTargetDependency section */

/* Begin XCBuildConfiguration section */
		601251882BEA9B31003C50D5 /* Debug */ = {
			isa = XCBuildConfiguration;
			buildSettings = {
				ALWAYS_SEARCH_USER_PATHS = NO;
				ASSETCATALOG_COMPILER_GENERATE_SWIFT_ASSET_SYMBOL_EXTENSIONS = YES;
				CLANG_ANALYZER_NONNULL = YES;
				CLANG_ANALYZER_NUMBER_OBJECT_CONVERSION = YES_AGGRESSIVE;
				CLANG_CXX_LANGUAGE_STANDARD = "gnu++20";
				CLANG_ENABLE_MODULES = YES;
				CLANG_ENABLE_OBJC_ARC = YES;
				CLANG_ENABLE_OBJC_WEAK = YES;
				CLANG_WARN_BLOCK_CAPTURE_AUTORELEASING = YES;
				CLANG_WARN_BOOL_CONVERSION = YES;
				CLANG_WARN_COMMA = YES;
				CLANG_WARN_CONSTANT_CONVERSION = YES;
				CLANG_WARN_DEPRECATED_OBJC_IMPLEMENTATIONS = YES;
				CLANG_WARN_DIRECT_OBJC_ISA_USAGE = YES_ERROR;
				CLANG_WARN_DOCUMENTATION_COMMENTS = YES;
				CLANG_WARN_EMPTY_BODY = YES;
				CLANG_WARN_ENUM_CONVERSION = YES;
				CLANG_WARN_INFINITE_RECURSION = YES;
				CLANG_WARN_INT_CONVERSION = YES;
				CLANG_WARN_NON_LITERAL_NULL_CONVERSION = YES;
				CLANG_WARN_OBJC_IMPLICIT_RETAIN_SELF = YES;
				CLANG_WARN_OBJC_LITERAL_CONVERSION = YES;
				CLANG_WARN_OBJC_ROOT_CLASS = YES_ERROR;
				CLANG_WARN_QUOTED_INCLUDE_IN_FRAMEWORK_HEADER = YES;
				CLANG_WARN_RANGE_LOOP_ANALYSIS = YES;
				CLANG_WARN_STRICT_PROTOTYPES = YES;
				CLANG_WARN_SUSPICIOUS_MOVE = YES;
				CLANG_WARN_UNGUARDED_AVAILABILITY = YES_AGGRESSIVE;
				CLANG_WARN_UNREACHABLE_CODE = YES;
				CLANG_WARN__DUPLICATE_METHOD_MATCH = YES;
				COPY_PHASE_STRIP = NO;
				DEBUG_INFORMATION_FORMAT = dwarf;
				ENABLE_STRICT_OBJC_MSGSEND = YES;
				ENABLE_TESTABILITY = YES;
				ENABLE_USER_SCRIPT_SANDBOXING = YES;
				GCC_C_LANGUAGE_STANDARD = gnu17;
				GCC_DYNAMIC_NO_PIC = NO;
				GCC_NO_COMMON_BLOCKS = YES;
				GCC_OPTIMIZATION_LEVEL = 0;
				GCC_PREPROCESSOR_DEFINITIONS = (
					"DEBUG=1",
					"$(inherited)",
				);
				GCC_WARN_64_TO_32_BIT_CONVERSION = YES;
				GCC_WARN_ABOUT_RETURN_TYPE = YES_ERROR;
				GCC_WARN_UNDECLARED_SELECTOR = YES;
				GCC_WARN_UNINITIALIZED_AUTOS = YES_AGGRESSIVE;
				GCC_WARN_UNUSED_FUNCTION = YES;
				GCC_WARN_UNUSED_VARIABLE = YES;
				IPHONEOS_DEPLOYMENT_TARGET = 17.0;
				LOCALIZATION_PREFERS_STRING_CATALOGS = YES;
				MTL_ENABLE_DEBUG_INFO = INCLUDE_SOURCE;
				MTL_FAST_MATH = YES;
				ONLY_ACTIVE_ARCH = YES;
				SDKROOT = iphoneos;
				SWIFT_ACTIVE_COMPILATION_CONDITIONS = "DEBUG $(inherited)";
				SWIFT_OPTIMIZATION_LEVEL = "-Onone";
			};
			name = Debug;
		};
		601251892BEA9B31003C50D5 /* Release */ = {
			isa = XCBuildConfiguration;
			buildSettings = {
				ALWAYS_SEARCH_USER_PATHS = NO;
				ASSETCATALOG_COMPILER_GENERATE_SWIFT_ASSET_SYMBOL_EXTENSIONS = YES;
				CLANG_ANALYZER_NONNULL = YES;
				CLANG_ANALYZER_NUMBER_OBJECT_CONVERSION = YES_AGGRESSIVE;
				CLANG_CXX_LANGUAGE_STANDARD = "gnu++20";
				CLANG_ENABLE_MODULES = YES;
				CLANG_ENABLE_OBJC_ARC = YES;
				CLANG_ENABLE_OBJC_WEAK = YES;
				CLANG_WARN_BLOCK_CAPTURE_AUTORELEASING = YES;
				CLANG_WARN_BOOL_CONVERSION = YES;
				CLANG_WARN_COMMA = YES;
				CLANG_WARN_CONSTANT_CONVERSION = YES;
				CLANG_WARN_DEPRECATED_OBJC_IMPLEMENTATIONS = YES;
				CLANG_WARN_DIRECT_OBJC_ISA_USAGE = YES_ERROR;
				CLANG_WARN_DOCUMENTATION_COMMENTS = YES;
				CLANG_WARN_EMPTY_BODY = YES;
				CLANG_WARN_ENUM_CONVERSION = YES;
				CLANG_WARN_INFINITE_RECURSION = YES;
				CLANG_WARN_INT_CONVERSION = YES;
				CLANG_WARN_NON_LITERAL_NULL_CONVERSION = YES;
				CLANG_WARN_OBJC_IMPLICIT_RETAIN_SELF = YES;
				CLANG_WARN_OBJC_LITERAL_CONVERSION = YES;
				CLANG_WARN_OBJC_ROOT_CLASS = YES_ERROR;
				CLANG_WARN_QUOTED_INCLUDE_IN_FRAMEWORK_HEADER = YES;
				CLANG_WARN_RANGE_LOOP_ANALYSIS = YES;
				CLANG_WARN_STRICT_PROTOTYPES = YES;
				CLANG_WARN_SUSPICIOUS_MOVE = YES;
				CLANG_WARN_UNGUARDED_AVAILABILITY = YES_AGGRESSIVE;
				CLANG_WARN_UNREACHABLE_CODE = YES;
				CLANG_WARN__DUPLICATE_METHOD_MATCH = YES;
				COPY_PHASE_STRIP = NO;
				DEBUG_INFORMATION_FORMAT = "dwarf-with-dsym";
				ENABLE_NS_ASSERTIONS = NO;
				ENABLE_STRICT_OBJC_MSGSEND = YES;
				ENABLE_USER_SCRIPT_SANDBOXING = YES;
				GCC_C_LANGUAGE_STANDARD = gnu17;
				GCC_NO_COMMON_BLOCKS = YES;
				GCC_WARN_64_TO_32_BIT_CONVERSION = YES;
				GCC_WARN_ABOUT_RETURN_TYPE = YES_ERROR;
				GCC_WARN_UNDECLARED_SELECTOR = YES;
				GCC_WARN_UNINITIALIZED_AUTOS = YES_AGGRESSIVE;
				GCC_WARN_UNUSED_FUNCTION = YES;
				GCC_WARN_UNUSED_VARIABLE = YES;
				IPHONEOS_DEPLOYMENT_TARGET = 17.0;
				LOCALIZATION_PREFERS_STRING_CATALOGS = YES;
				MTL_ENABLE_DEBUG_INFO = NO;
				MTL_FAST_MATH = YES;
				SDKROOT = iphoneos;
				SWIFT_COMPILATION_MODE = wholemodule;
				VALIDATE_PRODUCT = YES;
			};
			name = Release;
		};
		6012518B2BEA9B31003C50D5 /* Debug */ = {
			isa = XCBuildConfiguration;
			buildSettings = {
				ASSETCATALOG_COMPILER_APPICON_NAME = AppIcon;
				ASSETCATALOG_COMPILER_GLOBAL_ACCENT_COLOR_NAME = AccentColor;
				CODE_SIGN_STYLE = Automatic;
				CURRENT_PROJECT_VERSION = 1;
				DEVELOPMENT_ASSET_PATHS = "\"iTraveler/Preview Content\"";
				DEVELOPMENT_TEAM = UTHCCU7C7S;
				ENABLE_PREVIEWS = YES;
				GENERATE_INFOPLIST_FILE = YES;
				INFOPLIST_KEY_UIApplicationSceneManifest_Generation = YES;
				INFOPLIST_KEY_UIApplicationSupportsIndirectInputEvents = YES;
				INFOPLIST_KEY_UILaunchScreen_Generation = YES;
				INFOPLIST_KEY_UILaunchStoryboardName = LaunchScreen.storyboard;
				INFOPLIST_KEY_UISupportedInterfaceOrientations_iPad = "UIInterfaceOrientationPortrait UIInterfaceOrientationPortraitUpsideDown UIInterfaceOrientationLandscapeLeft UIInterfaceOrientationLandscapeRight";
				INFOPLIST_KEY_UISupportedInterfaceOrientations_iPhone = "UIInterfaceOrientationPortrait UIInterfaceOrientationLandscapeLeft UIInterfaceOrientationLandscapeRight";
				LD_RUNPATH_SEARCH_PATHS = (
					"$(inherited)",
					"@executable_path/Frameworks",
				);
				MARKETING_VERSION = 1.0;
				PRODUCT_BUNDLE_IDENTIFIER = com.mycompany.iTraveler;
				PRODUCT_NAME = "$(TARGET_NAME)";
				SWIFT_EMIT_LOC_STRINGS = YES;
				SWIFT_VERSION = 5.0;
				TARGETED_DEVICE_FAMILY = "1,2";
			};
			name = Debug;
		};
		6012518C2BEA9B31003C50D5 /* Release */ = {
			isa = XCBuildConfiguration;
			buildSettings = {
				ASSETCATALOG_COMPILER_APPICON_NAME = AppIcon;
				ASSETCATALOG_COMPILER_GLOBAL_ACCENT_COLOR_NAME = AccentColor;
				CODE_SIGN_STYLE = Automatic;
				CURRENT_PROJECT_VERSION = 1;
				DEVELOPMENT_ASSET_PATHS = "\"iTraveler/Preview Content\"";
				DEVELOPMENT_TEAM = UTHCCU7C7S;
				ENABLE_PREVIEWS = YES;
				GENERATE_INFOPLIST_FILE = YES;
				INFOPLIST_KEY_UIApplicationSceneManifest_Generation = YES;
				INFOPLIST_KEY_UIApplicationSupportsIndirectInputEvents = YES;
				INFOPLIST_KEY_UILaunchScreen_Generation = YES;
				INFOPLIST_KEY_UILaunchStoryboardName = LaunchScreen.storyboard;
				INFOPLIST_KEY_UISupportedInterfaceOrientations_iPad = "UIInterfaceOrientationPortrait UIInterfaceOrientationPortraitUpsideDown UIInterfaceOrientationLandscapeLeft UIInterfaceOrientationLandscapeRight";
				INFOPLIST_KEY_UISupportedInterfaceOrientations_iPhone = "UIInterfaceOrientationPortrait UIInterfaceOrientationLandscapeLeft UIInterfaceOrientationLandscapeRight";
				LD_RUNPATH_SEARCH_PATHS = (
					"$(inherited)",
					"@executable_path/Frameworks",
				);
				MARKETING_VERSION = 1.0;
				PRODUCT_BUNDLE_IDENTIFIER = com.mycompany.iTraveler;
				PRODUCT_NAME = "$(TARGET_NAME)";
				SWIFT_EMIT_LOC_STRINGS = YES;
				SWIFT_VERSION = 5.0;
				TARGETED_DEVICE_FAMILY = "1,2";
			};
			name = Release;
		};
		6012518E2BEA9B31003C50D5 /* Debug */ = {
			isa = XCBuildConfiguration;
			buildSettings = {
				ALWAYS_EMBED_SWIFT_STANDARD_LIBRARIES = YES;
				BUNDLE_LOADER = "$(TEST_HOST)";
				CODE_SIGN_STYLE = Automatic;
				CURRENT_PROJECT_VERSION = 1;
				DEVELOPMENT_TEAM = UTHCCU7C7S;
				GENERATE_INFOPLIST_FILE = YES;
				IPHONEOS_DEPLOYMENT_TARGET = 17.0;
				MARKETING_VERSION = 1.0;
				PRODUCT_BUNDLE_IDENTIFIER = com.mycompany.iTravelerTests;
				PRODUCT_NAME = "$(TARGET_NAME)";
				SWIFT_EMIT_LOC_STRINGS = NO;
				SWIFT_VERSION = 5.0;
				TARGETED_DEVICE_FAMILY = "1,2";
				TEST_HOST = "$(BUILT_PRODUCTS_DIR)/iTraveler.app/$(BUNDLE_EXECUTABLE_FOLDER_PATH)/iTraveler";
			};
			name = Debug;
		};
		6012518F2BEA9B31003C50D5 /* Release */ = {
			isa = XCBuildConfiguration;
			buildSettings = {
				ALWAYS_EMBED_SWIFT_STANDARD_LIBRARIES = YES;
				BUNDLE_LOADER = "$(TEST_HOST)";
				CODE_SIGN_STYLE = Automatic;
				CURRENT_PROJECT_VERSION = 1;
				DEVELOPMENT_TEAM = UTHCCU7C7S;
				GENERATE_INFOPLIST_FILE = YES;
				IPHONEOS_DEPLOYMENT_TARGET = 17.0;
				MARKETING_VERSION = 1.0;
				PRODUCT_BUNDLE_IDENTIFIER = com.mycompany.iTravelerTests;
				PRODUCT_NAME = "$(TARGET_NAME)";
				SWIFT_EMIT_LOC_STRINGS = NO;
				SWIFT_VERSION = 5.0;
				TARGETED_DEVICE_FAMILY = "1,2";
				TEST_HOST = "$(BUILT_PRODUCTS_DIR)/iTraveler.app/$(BUNDLE_EXECUTABLE_FOLDER_PATH)/iTraveler";
			};
			name = Release;
		};
		601251912BEA9B31003C50D5 /* Debug */ = {
			isa = XCBuildConfiguration;
			buildSettings = {
				ALWAYS_EMBED_SWIFT_STANDARD_LIBRARIES = YES;
				CODE_SIGN_STYLE = Automatic;
				CURRENT_PROJECT_VERSION = 1;
				DEVELOPMENT_TEAM = UTHCCU7C7S;
				GENERATE_INFOPLIST_FILE = YES;
				MARKETING_VERSION = 1.0;
				PRODUCT_BUNDLE_IDENTIFIER = com.mycompany.iTravelerUITests;
				PRODUCT_NAME = "$(TARGET_NAME)";
				SWIFT_EMIT_LOC_STRINGS = NO;
				SWIFT_VERSION = 5.0;
				TARGETED_DEVICE_FAMILY = "1,2";
				TEST_TARGET_NAME = iTraveler;
			};
			name = Debug;
		};
		601251922BEA9B31003C50D5 /* Release */ = {
			isa = XCBuildConfiguration;
			buildSettings = {
				ALWAYS_EMBED_SWIFT_STANDARD_LIBRARIES = YES;
				CODE_SIGN_STYLE = Automatic;
				CURRENT_PROJECT_VERSION = 1;
				DEVELOPMENT_TEAM = UTHCCU7C7S;
				GENERATE_INFOPLIST_FILE = YES;
				MARKETING_VERSION = 1.0;
				PRODUCT_BUNDLE_IDENTIFIER = com.mycompany.iTravelerUITests;
				PRODUCT_NAME = "$(TARGET_NAME)";
				SWIFT_EMIT_LOC_STRINGS = NO;
				SWIFT_VERSION = 5.0;
				TARGETED_DEVICE_FAMILY = "1,2";
				TEST_TARGET_NAME = iTraveler;
			};
			name = Release;
		};
/* End XCBuildConfiguration section */

/* Begin XCConfigurationList section */
		601251612BEA9B2E003C50D5 /* Build configuration list for PBXProject "iTraveler" */ = {
			isa = XCConfigurationList;
			buildConfigurations = (
				601251882BEA9B31003C50D5 /* Debug */,
				601251892BEA9B31003C50D5 /* Release */,
			);
			defaultConfigurationIsVisible = 0;
			defaultConfigurationName = Release;
		};
		6012518A2BEA9B31003C50D5 /* Build configuration list for PBXNativeTarget "iTraveler" */ = {
			isa = XCConfigurationList;
			buildConfigurations = (
				6012518B2BEA9B31003C50D5 /* Debug */,
				6012518C2BEA9B31003C50D5 /* Release */,
			);
			defaultConfigurationIsVisible = 0;
			defaultConfigurationName = Release;
		};
		6012518D2BEA9B31003C50D5 /* Build configuration list for PBXNativeTarget "iTravelerTests" */ = {
			isa = XCConfigurationList;
			buildConfigurations = (
				6012518E2BEA9B31003C50D5 /* Debug */,
				6012518F2BEA9B31003C50D5 /* Release */,
			);
			defaultConfigurationIsVisible = 0;
			defaultConfigurationName = Release;
		};
		601251902BEA9B31003C50D5 /* Build configuration list for PBXNativeTarget "iTravelerUITests" */ = {
			isa = XCConfigurationList;
			buildConfigurations = (
				601251912BEA9B31003C50D5 /* Debug */,
				601251922BEA9B31003C50D5 /* Release */,
			);
			defaultConfigurationIsVisible = 0;
			defaultConfigurationName = Release;
		};
/* End XCConfigurationList section */
	};
	rootObject = 6012515E2BEA9B2E003C50D5 /* Project object */;
}
